
Microsoft Visual Studio Solution File, Format Version 12.00
# Visual Studio Version 17
VisualStudioVersion = 17.0.31903.59
MinimumVisualStudioVersion = 10.0.40219.1
Project("{FAE04EC0-301F-11D3-BF4B-00C04F79EFBC}") = "TicketSystem.Domain", "TicketSystem.Domain\TicketSystem.Domain.csproj", "{78FFED0E-BE7C-48DD-BD70-E496575CEDAA}"
EndProject
Project("{FAE04EC0-301F-11D3-BF4B-00C04F79EFBC}") = "TicketSystem.Tests", "TicketSystem.Tests\TicketSystem.Tests.csproj", "{03F7CA83-228E-46C9-82C3-4A9FBB9E3704}"
EndProject
Global
	GlobalSection(SolutionConfigurationPlatforms) = preSolution
		Debug|Any CPU = Debug|Any CPU
		Release|Any CPU = Release|Any CPU
	EndGlobalSection
	GlobalSection(SolutionProperties) = preSolution
		HideSolutionNode = FALSE
	EndGlobalSection
	GlobalSection(ProjectConfigurationPlatforms) = postSolution
		{78FFED0E-BE7C-48DD-BD70-E496575CEDAA}.Debug|Any CPU.ActiveCfg = Debug|Any CPU
		{78FFED0E-BE7C-48DD-BD70-E496575CEDAA}.Debug|Any CPU.Build.0 = Debug|Any CPU
		{78FFED0E-BE7C-48DD-BD70-E496575CEDAA}.Release|Any CPU.ActiveCfg = Release|Any CPU
		{78FFED0E-BE7C-48DD-BD70-E496575CEDAA}.Release|Any CPU.Build.0 = Release|Any CPU
		{03F7CA83-228E-46C9-82C3-4A9FBB9E3704}.Debug|Any CPU.ActiveCfg = Debug|Any CPU
		{03F7CA83-228E-46C9-82C3-4A9FBB9E3704}.Debug|Any CPU.Build.0 = Debug|Any CPU
		{03F7CA83-228E-46C9-82C3-4A9FBB9E3704}.Release|Any CPU.ActiveCfg = Release|Any CPU
		{03F7CA83-228E-46C9-82C3-4A9FBB9E3704}.Release|Any CPU.Build.0 = Release|Any CPU
	EndGlobalSection
EndGlobal
